
Microsoft Visual Studio Solution File, Format Version 12.00
Project("{FAE04EC0-301F-11D3-BF4B-00C04F79EFBC}") = "01 Historian Hysteria", "01 Historian Hysteria\01 Historian Hysteria.csproj", "{C9A35C37-D9B6-46C7-A122-DA59C13B6693}"
EndProject
Global
	GlobalSection(SolutionConfigurationPlatforms) = preSolution
		Debug|Any CPU = Debug|Any CPU
		Release|Any CPU = Release|Any CPU
	EndGlobalSection
	GlobalSection(ProjectConfigurationPlatforms) = postSolution
		{C9A35C37-D9B6-46C7-A122-DA59C13B6693}.Debug|Any CPU.ActiveCfg = Debug|Any CPU
		{C9A35C37-D9B6-46C7-A122-DA59C13B6693}.Debug|Any CPU.Build.0 = Debug|Any CPU
		{C9A35C37-D9B6-46C7-A122-DA59C13B6693}.Release|Any CPU.ActiveCfg = Release|Any CPU
		{C9A35C37-D9B6-46C7-A122-DA59C13B6693}.Release|Any CPU.Build.0 = Release|Any CPU
	EndGlobalSection
EndGlobal
