
Microsoft Visual Studio Solution File, Format Version 12.00
Project("{FAE04EC0-301F-11D3-BF4B-00C04F79EFBC}") = "02 Red-Nosed Reports", "02 Red-Nosed Reports\02 Red-Nosed Reports.csproj", "{AFF8AFE0-2FF5-4CDB-BEC1-85B7FBFBB211}"
EndProject
Global
	GlobalSection(SolutionConfigurationPlatforms) = preSolution
		Debug|Any CPU = Debug|Any CPU
		Release|Any CPU = Release|Any CPU
	EndGlobalSection
	GlobalSection(ProjectConfigurationPlatforms) = postSolution
		{AFF8AFE0-2FF5-4CDB-BEC1-85B7FBFBB211}.Debug|Any CPU.ActiveCfg = Debug|Any CPU
		{AFF8AFE0-2FF5-4CDB-BEC1-85B7FBFBB211}.Debug|Any CPU.Build.0 = Debug|Any CPU
		{AFF8AFE0-2FF5-4CDB-BEC1-85B7FBFBB211}.Release|Any CPU.ActiveCfg = Release|Any CPU
		{AFF8AFE0-2FF5-4CDB-BEC1-85B7FBFBB211}.Release|Any CPU.Build.0 = Release|Any CPU
	EndGlobalSection
EndGlobal
